
Microsoft Visual Studio Solution File, Format Version 12.00
# Visual Studio Version 17
VisualStudioVersion = 17.13.35913.81 d17.13
MinimumVisualStudioVersion = 10.0.40219.1
Project("{FAE04EC0-301F-11D3-BF4B-00C04F79EFBC}") = "InterviewTaskMillenium", "InterviewTaskMillenium\InterviewTaskMillenium.csproj", "{F2DC785D-40A3-4334-9147-DBC3BFA84E85}"
EndProject
Project("{FAE04EC0-301F-11D3-BF4B-00C04F79EFBC}") = "Common", "Common\Common.csproj", "{29ADDA50-1342-42A9-A06A-25000C5246A1}"
EndProject
Project("{FAE04EC0-301F-11D3-BF4B-00C04F79EFBC}") = "Data", "Data\Data.csproj", "{546B638E-5B20-4B81-AC31-29D8395C6FFD}"
EndProject
Project("{FAE04EC0-301F-11D3-BF4B-00C04F79EFBC}") = "Logic", "Logic\Logic.csproj", "{F83F6989-0C65-42EB-BA59-6A81FCA42E74}"
EndProject
Project("{FAE04EC0-301F-11D3-BF4B-00C04F79EFBC}") = "InterviewTaskMillenium.Tests", "InterviewTaskMillenium.Tests\InterviewTaskMillenium.Tests.csproj", "{3A51E406-9243-4A16-9107-5B785493D1D2}"
EndProject
Project("{FAE04EC0-301F-11D3-BF4B-00C04F79EFBC}") = "Logic.Tests", "Logic.Tests\Logic.Tests.csproj", "{CE115671-D742-4585-AB2F-4907D59CB52B}"
EndProject
Global
	GlobalSection(SolutionConfigurationPlatforms) = preSolution
		Debug|Any CPU = Debug|Any CPU
		Release|Any CPU = Release|Any CPU
	EndGlobalSection
	GlobalSection(ProjectConfigurationPlatforms) = postSolution
		{F2DC785D-40A3-4334-9147-DBC3BFA84E85}.Debug|Any CPU.ActiveCfg = Debug|Any CPU
		{F2DC785D-40A3-4334-9147-DBC3BFA84E85}.Debug|Any CPU.Build.0 = Debug|Any CPU
		{F2DC785D-40A3-4334-9147-DBC3BFA84E85}.Release|Any CPU.ActiveCfg = Release|Any CPU
		{F2DC785D-40A3-4334-9147-DBC3BFA84E85}.Release|Any CPU.Build.0 = Release|Any CPU
		{29ADDA50-1342-42A9-A06A-25000C5246A1}.Debug|Any CPU.ActiveCfg = Debug|Any CPU
		{29ADDA50-1342-42A9-A06A-25000C5246A1}.Debug|Any CPU.Build.0 = Debug|Any CPU
		{29ADDA50-1342-42A9-A06A-25000C5246A1}.Release|Any CPU.ActiveCfg = Release|Any CPU
		{29ADDA50-1342-42A9-A06A-25000C5246A1}.Release|Any CPU.Build.0 = Release|Any CPU
		{546B638E-5B20-4B81-AC31-29D8395C6FFD}.Debug|Any CPU.ActiveCfg = Debug|Any CPU
		{546B638E-5B20-4B81-AC31-29D8395C6FFD}.Debug|Any CPU.Build.0 = Debug|Any CPU
		{546B638E-5B20-4B81-AC31-29D8395C6FFD}.Release|Any CPU.ActiveCfg = Release|Any CPU
		{546B638E-5B20-4B81-AC31-29D8395C6FFD}.Release|Any CPU.Build.0 = Release|Any CPU
		{F83F6989-0C65-42EB-BA59-6A81FCA42E74}.Debug|Any CPU.ActiveCfg = Debug|Any CPU
		{F83F6989-0C65-42EB-BA59-6A81FCA42E74}.Debug|Any CPU.Build.0 = Debug|Any CPU
		{F83F6989-0C65-42EB-BA59-6A81FCA42E74}.Release|Any CPU.ActiveCfg = Release|Any CPU
		{F83F6989-0C65-42EB-BA59-6A81FCA42E74}.Release|Any CPU.Build.0 = Release|Any CPU
		{3A51E406-9243-4A16-9107-5B785493D1D2}.Debug|Any CPU.ActiveCfg = Debug|Any CPU
		{3A51E406-9243-4A16-9107-5B785493D1D2}.Debug|Any CPU.Build.0 = Debug|Any CPU
		{3A51E406-9243-4A16-9107-5B785493D1D2}.Release|Any CPU.ActiveCfg = Release|Any CPU
		{3A51E406-9243-4A16-9107-5B785493D1D2}.Release|Any CPU.Build.0 = Release|Any CPU
		{CE115671-D742-4585-AB2F-4907D59CB52B}.Debug|Any CPU.ActiveCfg = Debug|Any CPU
		{CE115671-D742-4585-AB2F-4907D59CB52B}.Debug|Any CPU.Build.0 = Debug|Any CPU
		{CE115671-D742-4585-AB2F-4907D59CB52B}.Release|Any CPU.ActiveCfg = Release|Any CPU
		{CE115671-D742-4585-AB2F-4907D59CB52B}.Release|Any CPU.Build.0 = Release|Any CPU
	EndGlobalSection
	GlobalSection(SolutionProperties) = preSolution
		HideSolutionNode = FALSE
	EndGlobalSection
	GlobalSection(ExtensibilityGlobals) = postSolution
		SolutionGuid = {5EA16B9A-B0CF-4523-AAF2-7C0B0BA4AD75}
	EndGlobalSection
EndGlobal
